
Microsoft Visual Studio Solution File, Format Version 12.00
# Visual Studio 15
VisualStudioVersion = 15.0.28307.168
MinimumVisualStudioVersion = 10.0.40219.1
Project("{9A19103F-16F7-4668-BE54-9A1E7A4F7556}") = "ConBox", "ConBox.csproj", "{1F037752-9CDD-4AEF-B5DD-45D6540B2517}"
EndProject
Global
	GlobalSection(SolutionConfigurationPlatforms) = preSolution
		Debug|Any CPU = Debug|Any CPU
		Release|Any CPU = Release|Any CPU
	EndGlobalSection
	GlobalSection(ProjectConfigurationPlatforms) = postSolution
		{1F037752-9CDD-4AEF-B5DD-45D6540B2517}.Debug|Any CPU.ActiveCfg = Debug|Any CPU
		{1F037752-9CDD-4AEF-B5DD-45D6540B2517}.Debug|Any CPU.Build.0 = Debug|Any CPU
		{1F037752-9CDD-4AEF-B5DD-45D6540B2517}.Release|Any CPU.ActiveCfg = Release|Any CPU
		{1F037752-9CDD-4AEF-B5DD-45D6540B2517}.Release|Any CPU.Build.0 = Release|Any CPU
	EndGlobalSection
	GlobalSection(SolutionProperties) = preSolution
		HideSolutionNode = FALSE
	EndGlobalSection
	GlobalSection(ExtensibilityGlobals) = postSolution
		SolutionGuid = {A46F3FBC-3044-4851-883F-FBE6B58F8158}
	EndGlobalSection
EndGlobal
